
Microsoft Visual Studio Solution File, Format Version 12.00
# Visual Studio Version 16
VisualStudioVersion = 16.0.809.2
MinimumVisualStudioVersion = 10.0.40219.1
Project("{9A19103F-16F7-4668-BE54-9A1E7A4F7556}") = "MovieDatabase", "MovieDatabase\MovieDatabase.csproj", "{6AA5F1D0-5BC8-46FB-B32A-731921AA6A13}"
EndProject
Project("{9A19103F-16F7-4668-BE54-9A1E7A4F7556}") = "XUnitMoviesTest", "XUnitMoviesTest\XUnitMoviesTest.csproj", "{4069B0B2-BC45-430D-8EA5-5D450610ECD3}"
EndProject
Project("{FAE04EC0-301F-11D3-BF4B-00C04F79EFBC}") = "MovieDatabaseCore", "MovieDatabaseCore\MovieDatabaseCore.csproj", "{F3B1789B-E567-46B6-A86B-6D3A669D57A0}"
EndProject
Project("{FAE04EC0-301F-11D3-BF4B-00C04F79EFBC}") = "MovieDatabase.Core", "MovieDatabase.Core\MovieDatabase.Core.csproj", "{B8ED1267-EE7D-46FE-8176-286011E97CA3}"
EndProject
Global
	GlobalSection(SolutionConfigurationPlatforms) = preSolution
		Debug|Any CPU = Debug|Any CPU
		Release|Any CPU = Release|Any CPU
	EndGlobalSection
	GlobalSection(ProjectConfigurationPlatforms) = postSolution
		{6AA5F1D0-5BC8-46FB-B32A-731921AA6A13}.Debug|Any CPU.ActiveCfg = Debug|Any CPU
		{6AA5F1D0-5BC8-46FB-B32A-731921AA6A13}.Debug|Any CPU.Build.0 = Debug|Any CPU
		{6AA5F1D0-5BC8-46FB-B32A-731921AA6A13}.Release|Any CPU.ActiveCfg = Release|Any CPU
		{6AA5F1D0-5BC8-46FB-B32A-731921AA6A13}.Release|Any CPU.Build.0 = Release|Any CPU
		{4069B0B2-BC45-430D-8EA5-5D450610ECD3}.Debug|Any CPU.ActiveCfg = Debug|Any CPU
		{4069B0B2-BC45-430D-8EA5-5D450610ECD3}.Debug|Any CPU.Build.0 = Debug|Any CPU
		{4069B0B2-BC45-430D-8EA5-5D450610ECD3}.Release|Any CPU.ActiveCfg = Release|Any CPU
		{4069B0B2-BC45-430D-8EA5-5D450610ECD3}.Release|Any CPU.Build.0 = Release|Any CPU
		{F3B1789B-E567-46B6-A86B-6D3A669D57A0}.Debug|Any CPU.ActiveCfg = Debug|Any CPU
		{F3B1789B-E567-46B6-A86B-6D3A669D57A0}.Debug|Any CPU.Build.0 = Debug|Any CPU
		{F3B1789B-E567-46B6-A86B-6D3A669D57A0}.Release|Any CPU.ActiveCfg = Release|Any CPU
		{F3B1789B-E567-46B6-A86B-6D3A669D57A0}.Release|Any CPU.Build.0 = Release|Any CPU
		{B8ED1267-EE7D-46FE-8176-286011E97CA3}.Debug|Any CPU.ActiveCfg = Debug|Any CPU
		{B8ED1267-EE7D-46FE-8176-286011E97CA3}.Debug|Any CPU.Build.0 = Debug|Any CPU
		{B8ED1267-EE7D-46FE-8176-286011E97CA3}.Release|Any CPU.ActiveCfg = Release|Any CPU
		{B8ED1267-EE7D-46FE-8176-286011E97CA3}.Release|Any CPU.Build.0 = Release|Any CPU
	EndGlobalSection
	GlobalSection(SolutionProperties) = preSolution
		HideSolutionNode = FALSE
	EndGlobalSection
	GlobalSection(ExtensibilityGlobals) = postSolution
		SolutionGuid = {EF05AE54-833E-4B2F-9783-FC5D5ADA3668}
	EndGlobalSection
EndGlobal
